
Microsoft Visual Studio Solution File, Format Version 12.00
# Visual Studio Version 16
VisualStudioVersion = 16.0.35425.106
MinimumVisualStudioVersion = 10.0.40219.1
Project("{9A19103F-16F7-4668-BE54-9A1E7A4F7556}") = "VisualA", "VisualA\VisualA.csproj", "{84945169-B43C-4835-9B16-1C3E54D0CECD}"
EndProject
Global
	GlobalSection(SolutionConfigurationPlatforms) = preSolution
		Debug|Any CPU = Debug|Any CPU
		Release|Any CPU = Release|Any CPU
	EndGlobalSection
	GlobalSection(ProjectConfigurationPlatforms) = postSolution
		{84945169-B43C-4835-9B16-1C3E54D0CECD}.Debug|Any CPU.ActiveCfg = Debug|Any CPU
		{84945169-B43C-4835-9B16-1C3E54D0CECD}.Debug|Any CPU.Build.0 = Debug|Any CPU
		{84945169-B43C-4835-9B16-1C3E54D0CECD}.Release|Any CPU.ActiveCfg = Release|Any CPU
		{84945169-B43C-4835-9B16-1C3E54D0CECD}.Release|Any CPU.Build.0 = Release|Any CPU
	EndGlobalSection
	GlobalSection(SolutionProperties) = preSolution
		HideSolutionNode = FALSE
	EndGlobalSection
	GlobalSection(ExtensibilityGlobals) = postSolution
		SolutionGuid = {8263877D-A9A7-412E-B54F-C861FE5A4337}
	EndGlobalSection
EndGlobal
